// !$*UTF8*$!
{
	archiveVersion = 1;
	classes = {
	};
	objectVersion = 48;
	objects = {

/* Begin PBXBuildFile section */
		2EB8FBB4201B0E200060E04A /* AppDelegate.swift in Sources */ = {isa = PBXBuildFile; fileRef = 2EB8FBB3201B0E200060E04A /* AppDelegate.swift */; };
		2EB8FBB6201B0E200060E04A /* ViewController.swift in Sources */ = {isa = PBXBuildFile; fileRef = 2EB8FBB5201B0E200060E04A /* ViewController.swift */; };
		2EB8FBB9201B0E200060E04A /* Main.storyboard in Resources */ = {isa = PBXBuildFile; fileRef = 2EB8FBB7201B0E200060E04A /* Main.storyboard */; };
		2EB8FBBB201B0E200060E04A /* Assets.xcassets in Resources */ = {isa = PBXBuildFile; fileRef = 2EB8FBBA201B0E200060E04A /* Assets.xcassets */; };
		2EB8FBBE201B0E200060E04A /* LaunchScreen.storyboard in Resources */ = {isa = PBXBuildFile; fileRef = 2EB8FBBC201B0E200060E04A /* LaunchScreen.storyboard */; };
		2EB8FBC9201B0E200060E04A /* MyApp1Tests.swift in Sources */ = {isa = PBXBuildFile; fileRef = 2EB8FBC8201B0E200060E04A /* MyApp1Tests.swift */; };
		2EB8FBD4201B0E200060E04A /* MyApp1UITests.swift in Sources */ = {isa = PBXBuildFile; fileRef = 2EB8FBD3201B0E200060E04A /* MyApp1UITests.swift */; };
		2EB8FC6B201B13F90060E04A /* MySDK.framework in Frameworks */ = {isa = PBXBuildFile; fileRef = 2EB8FC6C201B13F90060E04A /* MySDK.framework */; };
		2EB8FC6E201B14170060E04A /* MySDK.framework in CopyFiles */ = {isa = PBXBuildFile; fileRef = 2EB8FC6C201B13F90060E04A /* MySDK.framework */; settings = {ATTRIBUTES = (CodeSignOnCopy, RemoveHeadersOnCopy, ); }; };
/* End PBXBuildFile section */

/* Begin PBXContainerItemProxy section */
		2EB8FBC5201B0E200060E04A /* PBXContainerItemProxy */ = {
			isa = PBXContainerItemProxy;
			containerPortal = 2EB8FBA8201B0E200060E04A /* Project object */;
			proxyType = 1;
			remoteGlobalIDString = 2EB8FBAF201B0E200060E04A;
			remoteInfo = MyApp1;
		};
		2EB8FBD0201B0E200060E04A /* PBXContainerItemProxy */ = {
			isa = PBXContainerItemProxy;
			containerPortal = 2EB8FBA8201B0E200060E04A /* Project object */;
			proxyType = 1;
			remoteGlobalIDString = 2EB8FBAF201B0E200060E04A;
			remoteInfo = MyApp1;
		};
/* End PBXContainerItemProxy section */

/* Begin PBXCopyFilesBuildPhase section */
		2EB8FC6D201B14090060E04A /* CopyFiles */ = {
			isa = PBXCopyFilesBuildPhase;
			buildActionMask = 2147483647;
			dstPath = "";
			dstSubfolderSpec = 10;
			files = (
				2EB8FC6E201B14170060E04A /* MySDK.framework in CopyFiles */,
			);
			runOnlyForDeploymentPostprocessing = 0;
		};
/* End PBXCopyFilesBuildPhase section */

/* Begin PBXFileReference section */
		2EB8FBB0201B0E200060E04A /* MyApp1.app */ = {isa = PBXFileReference; explicitFileType = wrapper.application; includeInIndex = 0; path = MyApp1.app; sourceTree = BUILT_PRODUCTS_DIR; };
		2EB8FBB3201B0E200060E04A /* AppDelegate.swift */ = {isa = PBXFileReference; lastKnownFileType = sourcecode.swift; path = AppDelegate.swift; sourceTree = "<group>"; };
		2EB8FBB5201B0E200060E04A /* ViewController.swift */ = {isa = PBXFileReference; lastKnownFileType = sourcecode.swift; path = ViewController.swift; sourceTree = "<group>"; };
		2EB8FBB8201B0E200060E04A /* Base */ = {isa = PBXFileReference; lastKnownFileType = file.storyboard; name = Base; path = Base.lproj/Main.storyboard; sourceTree = "<group>"; };
		2EB8FBBA201B0E200060E04A /* Assets.xcassets */ = {isa = PBXFileReference; lastKnownFileType = folder.assetcatalog; path = Assets.xcassets; sourceTree = "<group>"; };
		2EB8FBBD201B0E200060E04A /* Base */ = {isa = PBXFileReference; lastKnownFileType = file.storyboard; name = Base; path = Base.lproj/LaunchScreen.storyboard; sourceTree = "<group>"; };
		2EB8FBBF201B0E200060E04A /* Info.plist */ = {isa = PBXFileReference; lastKnownFileType = text.plist.xml; path = Info.plist; sourceTree = "<group>"; };
		2EB8FBC4201B0E200060E04A /* MyApp1Tests.xctest */ = {isa = PBXFileReference; explicitFileType = wrapper.cfbundle; includeInIndex = 0; path = MyApp1Tests.xctest; sourceTree = BUILT_PRODUCTS_DIR; };
		2EB8FBC8201B0E200060E04A /* MyApp1Tests.swift */ = {isa = PBXFileReference; lastKnownFileType = sourcecode.swift; path = MyApp1Tests.swift; sourceTree = "<group>"; };
		2EB8FBCA201B0E200060E04A /* Info.plist */ = {isa = PBXFileReference; lastKnownFileType = text.plist.xml; path = Info.plist; sourceTree = "<group>"; };
		2EB8FBCF201B0E200060E04A /* MyApp1UITests.xctest */ = {isa = PBXFileReference; explicitFileType = wrapper.cfbundle; includeInIndex = 0; path = MyApp1UITests.xctest; sourceTree = BUILT_PRODUCTS_DIR; };
		2EB8FBD3201B0E200060E04A /* MyApp1UITests.swift */ = {isa = PBXFileReference; lastKnownFileType = sourcecode.swift; path = MyApp1UITests.swift; sourceTree = "<group>"; };
		2EB8FBD5201B0E200060E04A /* Info.plist */ = {isa = PBXFileReference; lastKnownFileType = text.plist.xml; path = Info.plist; sourceTree = "<group>"; };
		2EB8FC6C201B13F90060E04A /* MySDK.framework */ = {isa = PBXFileReference; explicitFileType = wrapper.framework; path = MySDK.framework; sourceTree = BUILT_PRODUCTS_DIR; };
/* End PBXFileReference section */

/* Begin PBXFrameworksBuildPhase section */
		2EB8FBAD201B0E200060E04A /* Frameworks */ = {
			isa = PBXFrameworksBuildPhase;
			buildActionMask = 2147483647;
			files = (
				2EB8FC6B201B13F90060E04A /* MySDK.framework in Frameworks */,
			);
			runOnlyForDeploymentPostprocessing = 0;
		};
		2EB8FBC1201B0E200060E04A /* Frameworks */ = {
			isa = PBXFrameworksBuildPhase;
			buildActionMask = 2147483647;
			files = (
			);
			runOnlyForDeploymentPostprocessing = 0;
		};
		2EB8FBCC201B0E200060E04A /* Frameworks */ = {
			isa = PBXFrameworksBuildPhase;
			buildActionMask = 2147483647;
			files = (
			);
			runOnlyForDeploymentPostprocessing = 0;
		};
/* End PBXFrameworksBuildPhase section */

/* Begin PBXGroup section */
		2EB8FBA7201B0E200060E04A = {
			isa = PBXGroup;
			children = (
				2EB8FBB2201B0E200060E04A /* MyApp1 */,
				2EB8FBC7201B0E200060E04A /* MyApp1Tests */,
				2EB8FBD2201B0E200060E04A /* MyApp1UITests */,
				2EB8FBB1201B0E200060E04A /* Products */,
				2EB8FC6A201B13F90060E04A /* Frameworks */,
			);
			sourceTree = "<group>";
		};
		2EB8FBB1201B0E200060E04A /* Products */ = {
			isa = PBXGroup;
			children = (
				2EB8FBB0201B0E200060E04A /* MyApp1.app */,
				2EB8FBC4201B0E200060E04A /* MyApp1Tests.xctest */,
				2EB8FBCF201B0E200060E04A /* MyApp1UITests.xctest */,
			);
			name = Products;
			sourceTree = "<group>";
		};
		2EB8FBB2201B0E200060E04A /* MyApp1 */ = {
			isa = PBXGroup;
			children = (
				2EB8FBB3201B0E200060E04A /* AppDelegate.swift */,
				2EB8FBB5201B0E200060E04A /* ViewController.swift */,
				2EB8FBB7201B0E200060E04A /* Main.storyboard */,
				2EB8FBBA201B0E200060E04A /* Assets.xcassets */,
				2EB8FBBC201B0E200060E04A /* LaunchScreen.storyboard */,
				2EB8FBBF201B0E200060E04A /* Info.plist */,
			);
			path = MyApp1;
			sourceTree = "<group>";
		};
		2EB8FBC7201B0E200060E04A /* MyApp1Tests */ = {
			isa = PBXGroup;
			children = (
				2EB8FBC8201B0E200060E04A /* MyApp1Tests.swift */,
				2EB8FBCA201B0E200060E04A /* Info.plist */,
			);
			path = MyApp1Tests;
			sourceTree = "<group>";
		};
		2EB8FBD2201B0E200060E04A /* MyApp1UITests */ = {
			isa = PBXGroup;
			children = (
				2EB8FBD3201B0E200060E04A /* MyApp1UITests.swift */,
				2EB8FBD5201B0E200060E04A /* Info.plist */,
			);
			path = MyApp1UITests;
			sourceTree = "<group>";
		};
		2EB8FC6A201B13F90060E04A /* Frameworks */ = {
			isa = PBXGroup;
			children = (
				2EB8FC6C201B13F90060E04A /* MySDK.framework */,
			);
			name = Frameworks;
			sourceTree = "<group>";
		};
/* End PBXGroup section */

/* Begin PBXNativeTarget section */
		2EB8FBAF201B0E200060E04A /* MyApp1 */ = {
			isa = PBXNativeTarget;
			buildConfigurationList = 2EB8FBD8201B0E200060E04A /* Build configuration list for PBXNativeTarget "MyApp1" */;
			buildPhases = (
				2EB8FBAC201B0E200060E04A /* Sources */,
				2EB8FBAD201B0E200060E04A /* Frameworks */,
				2EB8FBAE201B0E200060E04A /* Resources */,
				2EB8FC6D201B14090060E04A /* CopyFiles */,
			);
			buildRules = (
			);
			dependencies = (
			);
			name = MyApp1;
			productName = MyApp1;
			productReference = 2EB8FBB0201B0E200060E04A /* MyApp1.app */;
			productType = "com.apple.product-type.application";
		};
		2EB8FBC3201B0E200060E04A /* MyApp1Tests */ = {
			isa = PBXNativeTarget;
			buildConfigurationList = 2EB8FBDB201B0E200060E04A /* Build configuration list for PBXNativeTarget "MyApp1Tests" */;
			buildPhases = (
				2EB8FBC0201B0E200060E04A /* Sources */,
				2EB8FBC1201B0E200060E04A /* Frameworks */,
				2EB8FBC2201B0E200060E04A /* Resources */,
			);
			buildRules = (
			);
			dependencies = (
				2EB8FBC6201B0E200060E04A /* PBXTargetDependency */,
			);
			name = MyApp1Tests;
			productName = MyApp1Tests;
			productReference = 2EB8FBC4201B0E200060E04A /* MyApp1Tests.xctest */;
			productType = "com.apple.product-type.bundle.unit-test";
		};
		2EB8FBCE201B0E200060E04A /* MyApp1UITests */ = {
			isa = PBXNativeTarget;
			buildConfigurationList = 2EB8FBDE201B0E200060E04A /* Build configuration list for PBXNativeTarget "MyApp1UITests" */;
			buildPhases = (
				2EB8FBCB201B0E200060E04A /* Sources */,
				2EB8FBCC201B0E200060E04A /* Frameworks */,
				2EB8FBCD201B0E200060E04A /* Resources */,
			);
			buildRules = (
			);
			dependencies = (
				2EB8FBD1201B0E200060E04A /* PBXTargetDependency */,
			);
			name = MyApp1UITests;
			productName = MyApp1UITests;
			productReference = 2EB8FBCF201B0E200060E04A /* MyApp1UITests.xctest */;
			productType = "com.apple.product-type.bundle.ui-testing";
		};
/* End PBXNativeTarget section */

/* Begin PBXProject section */
		2EB8FBA8201B0E200060E04A /* Project object */ = {
			isa = PBXProject;
			attributes = {
				LastSwiftUpdateCheck = 0920;
				LastUpgradeCheck = 0920;
				ORGANIZATIONNAME = xiaoguo;
				TargetAttributes = {
					2EB8FBAF201B0E200060E04A = {
						CreatedOnToolsVersion = 9.2;
						ProvisioningStyle = Automatic;
					};
					2EB8FBC3201B0E200060E04A = {
						CreatedOnToolsVersion = 9.2;
						ProvisioningStyle = Automatic;
						TestTargetID = 2EB8FBAF201B0E200060E04A;
					};
					2EB8FBCE201B0E200060E04A = {
						CreatedOnToolsVersion = 9.2;
						ProvisioningStyle = Automatic;
						TestTargetID = 2EB8FBAF201B0E200060E04A;
					};
				};
			};
			buildConfigurationList = 2EB8FBAB201B0E200060E04A /* Build configuration list for PBXProject "MyApp1" */;
			compatibilityVersion = "Xcode 8.0";
			developmentRegion = en;
			hasScannedForEncodings = 0;
			knownRegions = (
				en,
				Base,
			);
			mainGroup = 2EB8FBA7201B0E200060E04A;
			productRefGroup = 2EB8FBB1201B0E200060E04A /* Products */;
			projectDirPath = "";
			projectRoot = "";
			targets = (
				2EB8FBAF201B0E200060E04A /* MyApp1 */,
				2EB8FBC3201B0E200060E04A /* MyApp1Tests */,
				2EB8FBCE201B0E200060E04A /* MyApp1UITests */,
			);
		};
/* End PBXProject section */

/* Begin PBXResourcesBuildPhase section */
		2EB8FBAE201B0E200060E04A /* Resources */ = {
			isa = PBXResourcesBuildPhase;
			buildActionMask = 2147483647;
			files = (
				2EB8FBBE201B0E200060E04A /* LaunchScreen.storyboard in Resources */,
				2EB8FBBB201B0E200060E04A /* Assets.xcassets in Resources */,
				2EB8FBB9201B0E200060E04A /* Main.storyboard in Resources */,
			);
			runOnlyForDeploymentPostprocessing = 0;
		};
		2EB8FBC2201B0E200060E04A /* Resources */ = {
			isa = PBXResourcesBuildPhase;
			buildActionMask = 2147483647;
			files = (
			);
			runOnlyForDeploymentPostprocessing = 0;
		};
		2EB8FBCD201B0E200060E04A /* Resources */ = {
			isa = PBXResourcesBuildPhase;
			buildActionMask = 2147483647;
			files = (
			);
			runOnlyForDeploymentPostprocessing = 0;
		};
/* End PBXResourcesBuildPhase section */

/* Begin PBXSourcesBuildPhase section */
		2EB8FBAC201B0E200060E04A /* Sources */ = {
			isa = PBXSourcesBuildPhase;
			buildActionMask = 2147483647;
			files = (
				2EB8FBB6201B0E200060E04A /* ViewController.swift in Sources */,
				2EB8FBB4201B0E200060E04A /* AppDelegate.swift in Sources */,
			);
			runOnlyForDeploymentPostprocessing = 0;
		};
		2EB8FBC0201B0E200060E04A /* Sources */ = {
			isa = PBXSourcesBuildPhase;
			buildActionMask = 2147483647;
			files = (
				2EB8FBC9201B0E200060E04A /* MyApp1Tests.swift in Sources */,
			);
			runOnlyForDeploymentPostprocessing = 0;
		};
		2EB8FBCB201B0E200060E04A /* Sources */ = {
			isa = PBXSourcesBuildPhase;
			buildActionMask = 2147483647;
			files = (
				2EB8FBD4201B0E200060E04A /* MyApp1UITests.swift in Sources */,
			);
			runOnlyForDeploymentPostprocessing = 0;
		};
/* End PBXSourcesBuildPhase section */

/* Begin PBXTargetDependency section */
		2EB8FBC6201B0E200060E04A /* PBXTargetDependency */ = {
			isa = PBXTargetDependency;
			target = 2EB8FBAF201B0E200060E04A /* MyApp1 */;
			targetProxy = 2EB8FBC5201B0E200060E04A /* PBXContainerItemProxy */;
		};
		2EB8FBD1201B0E200060E04A /* PBXTargetDependency */ = {
			isa = PBXTargetDependency;
			target = 2EB8FBAF201B0E200060E04A /* MyApp1 */;
			targetProxy = 2EB8FBD0201B0E200060E04A /* PBXContainerItemProxy */;
		};
/* End PBXTargetDependency section */

/* Begin PBXVariantGroup section */
		2EB8FBB7201B0E200060E04A /* Main.storyboard */ = {
			isa = PBXVariantGroup;
			children = (
				2EB8FBB8201B0E200060E04A /* Base */,
			);
			name = Main.storyboard;
			sourceTree = "<group>";
		};
		2EB8FBBC201B0E200060E04A /* LaunchScreen.storyboard */ = {
			isa = PBXVariantGroup;
			children = (
				2EB8FBBD201B0E200060E04A /* Base */,
			);
			name = LaunchScreen.storyboard;
			sourceTree = "<group>";
		};
/* End PBXVariantGroup section */

/* Begin XCBuildConfiguration section */
		2EB8FBD6201B0E200060E04A /* Debug */ = {
			isa = XCBuildConfiguration;
			buildSettings = {
				ALWAYS_SEARCH_USER_PATHS = NO;
				CLANG_ANALYZER_NONNULL = YES;
				CLANG_ANALYZER_NUMBER_OBJECT_CONVERSION = YES_AGGRESSIVE;
				CLANG_CXX_LANGUAGE_STANDARD = "gnu++14";
				CLANG_CXX_LIBRARY = "libc++";
				CLANG_ENABLE_MODULES = YES;
				CLANG_ENABLE_OBJC_ARC = YES;
				CLANG_WARN_BLOCK_CAPTURE_AUTORELEASING = YES;
				CLANG_WARN_BOOL_CONVERSION = YES;
				CLANG_WARN_COMMA = YES;
				CLANG_WARN_CONSTANT_CONVERSION = YES;
				CLANG_WARN_DIRECT_OBJC_ISA_USAGE = YES_ERROR;
				CLANG_WARN_DOCUMENTATION_COMMENTS = YES;
				CLANG_WARN_EMPTY_BODY = YES;
				CLANG_WARN_ENUM_CONVERSION = YES;
				CLANG_WARN_INFINITE_RECURSION = YES;
				CLANG_WARN_INT_CONVERSION = YES;
				CLANG_WARN_NON_LITERAL_NULL_CONVERSION = YES;
				CLANG_WARN_OBJC_LITERAL_CONVERSION = YES;
				CLANG_WARN_OBJC_ROOT_CLASS = YES_ERROR;
				CLANG_WARN_RANGE_LOOP_ANALYSIS = YES;
				CLANG_WARN_STRICT_PROTOTYPES = YES;
				CLANG_WARN_SUSPICIOUS_MOVE = YES;
				CLANG_WARN_UNGUARDED_AVAILABILITY = YES_AGGRESSIVE;
				CLANG_WARN_UNREACHABLE_CODE = YES;
				CLANG_WARN__DUPLICATE_METHOD_MATCH = YES;
				CODE_SIGN_IDENTITY = "iPhone Developer";
				COPY_PHASE_STRIP = NO;
				DEBUG_INFORMATION_FORMAT = dwarf;
				ENABLE_STRICT_OBJC_MSGSEND = YES;
				ENABLE_TESTABILITY = YES;
				GCC_C_LANGUAGE_STANDARD = gnu11;
				GCC_DYNAMIC_NO_PIC = NO;
				GCC_NO_COMMON_BLOCKS = YES;
				GCC_OPTIMIZATION_LEVEL = 0;
				GCC_PREPROCESSOR_DEFINITIONS = (
					"DEBUG=1",
					"$(inherited)",
				);
				GCC_WARN_64_TO_32_BIT_CONVERSION = YES;
				GCC_WARN_ABOUT_RETURN_TYPE = YES_ERROR;
				GCC_WARN_UNDECLARED_SELECTOR = YES;
				GCC_WARN_UNINITIALIZED_AUTOS = YES_AGGRESSIVE;
				GCC_WARN_UNUSED_FUNCTION = YES;
				GCC_WARN_UNUSED_VARIABLE = YES;
				IPHONEOS_DEPLOYMENT_TARGET = 11.2;
				MTL_ENABLE_DEBUG_INFO = YES;
				ONLY_ACTIVE_ARCH = YES;
				SDKROOT = iphoneos;
				SWIFT_ACTIVE_COMPILATION_CONDITIONS = DEBUG;
				SWIFT_OPTIMIZATION_LEVEL = "-Onone";
			};
			name = Debug;
		};
		2EB8FBD7201B0E200060E04A /* Release */ = {
			isa = XCBuildConfiguration;
			buildSettings = {
				ALWAYS_SEARCH_USER_PATHS = NO;
				CLANG_ANALYZER_NONNULL = YES;
				CLANG_ANALYZER_NUMBER_OBJECT_CONVERSION = YES_AGGRESSIVE;
				CLANG_CXX_LANGUAGE_STANDARD = "gnu++14";
				CLANG_CXX_LIBRARY = "libc++";
				CLANG_ENABLE_MODULES = YES;
				CLANG_ENABLE_OBJC_ARC = YES;
				CLANG_WARN_BLOCK_CAPTURE_AUTORELEASING = YES;
				CLANG_WARN_BOOL_CONVERSION = YES;
				CLANG_WARN_COMMA = YES;
				CLANG_WARN_CONSTANT_CONVERSION = YES;
				CLANG_WARN_DIRECT_OBJC_ISA_USAGE = YES_ERROR;
				CLANG_WARN_DOCUMENTATION_COMMENTS = YES;
				CLANG_WARN_EMPTY_BODY = YES;
				CLANG_WARN_ENUM_CONVERSION = YES;
				CLANG_WARN_INFINITE_RECURSION = YES;
				CLANG_WARN_INT_CONVERSION = YES;
				CLANG_WARN_NON_LITERAL_NULL_CONVERSION = YES;
				CLANG_WARN_OBJC_LITERAL_CONVERSION = YES;
				CLANG_WARN_OBJC_ROOT_CLASS = YES_ERROR;
				CLANG_WARN_RANGE_LOOP_ANALYSIS = YES;
				CLANG_WARN_STRICT_PROTOTYPES = YES;
				CLANG_WARN_SUSPICIOUS_MOVE = YES;
				CLANG_WARN_UNGUARDED_AVAILABILITY = YES_AGGRESSIVE;
				CLANG_WARN_UNREACHABLE_CODE = YES;
				CLANG_WARN__DUPLICATE_METHOD_MATCH = YES;
				CODE_SIGN_IDENTITY = "iPhone Developer";
				COPY_PHASE_STRIP = NO;
				DEBUG_INFORMATION_FORMAT = "dwarf-with-dsym";
				ENABLE_NS_ASSERTIONS = NO;
				ENABLE_STRICT_OBJC_MSGSEND = YES;
				GCC_C_LANGUAGE_STANDARD = gnu11;
				GCC_NO_COMMON_BLOCKS = YES;
				GCC_WARN_64_TO_32_BIT_CONVERSION = YES;
				GCC_WARN_ABOUT_RETURN_TYPE = YES_ERROR;
				GCC_WARN_UNDECLARED_SELECTOR = YES;
				GCC_WARN_UNINITIALIZED_AUTOS = YES_AGGRESSIVE;
				GCC_WARN_UNUSED_FUNCTION = YES;
				GCC_WARN_UNUSED_VARIABLE = YES;
				IPHONEOS_DEPLOYMENT_TARGET = 11.2;
				MTL_ENABLE_DEBUG_INFO = NO;
				SDKROOT = iphoneos;
				SWIFT_OPTIMIZATION_LEVEL = "-Owholemodule";
				VALIDATE_PRODUCT = YES;
			};
			name = Release;
		};
		2EB8FBD9201B0E200060E04A /* Debug */ = {
			isa = XCBuildConfiguration;
			buildSettings = {
				ASSETCATALOG_COMPILER_APPICON_NAME = AppIcon;
				CODE_SIGN_STYLE = Automatic;
				DEVELOPMENT_TEAM = R3HARN7J9X;
				INFOPLIST_FILE = MyApp1/Info.plist;
				LD_RUNPATH_SEARCH_PATHS = "$(inherited) @executable_path/Frameworks";
				PRODUCT_BUNDLE_IDENTIFIER = com.xiaoguo.Text.MyApp1;
				PRODUCT_NAME = "$(TARGET_NAME)";
				SWIFT_VERSION = 4.0;
				TARGETED_DEVICE_FAMILY = "1,2";
			};
			name = Debug;
		};
		2EB8FBDA201B0E200060E04A /* Release */ = {
			isa = XCBuildConfiguration;
			buildSettings = {
				ASSETCATALOG_COMPILER_APPICON_NAME = AppIcon;
				CODE_SIGN_STYLE = Automatic;
				DEVELOPMENT_TEAM = R3HARN7J9X;
				INFOPLIST_FILE = MyApp1/Info.plist;
				LD_RUNPATH_SEARCH_PATHS = "$(inherited) @executable_path/Frameworks";
				PRODUCT_BUNDLE_IDENTIFIER = com.xiaoguo.Text.MyApp1;
				PRODUCT_NAME = "$(TARGET_NAME)";
				SWIFT_VERSION = 4.0;
				TARGETED_DEVICE_FAMILY = "1,2";
			};
			name = Release;
		};
		2EB8FBDC201B0E200060E04A /* Debug */ = {
			isa = XCBuildConfiguration;
			buildSettings = {
				ALWAYS_EMBED_SWIFT_STANDARD_LIBRARIES = YES;
				BUNDLE_LOADER = "$(TEST_HOST)";
				CODE_SIGN_STYLE = Automatic;
				DEVELOPMENT_TEAM = R3HARN7J9X;
				INFOPLIST_FILE = MyApp1Tests/Info.plist;
				LD_RUNPATH_SEARCH_PATHS = "$(inherited) @executable_path/Frameworks @loader_path/Frameworks";
				PRODUCT_BUNDLE_IDENTIFIER = com.xiaoguo.Text.MyApp1Tests;
				PRODUCT_NAME = "$(TARGET_NAME)";
				SWIFT_VERSION = 4.0;
				TARGETED_DEVICE_FAMILY = "1,2";
				TEST_HOST = "$(BUILT_PRODUCTS_DIR)/MyApp1.app/MyApp1";
			};
			name = Debug;
		};
		2EB8FBDD201B0E200060E04A /* Release */ = {
			isa = XCBuildConfiguration;
			buildSettings = {
				ALWAYS_EMBED_SWIFT_STANDARD_LIBRARIES = YES;
				BUNDLE_LOADER = "$(TEST_HOST)";
				CODE_SIGN_STYLE = Automatic;
				DEVELOPMENT_TEAM = R3HARN7J9X;
				INFOPLIST_FILE = MyApp1Tests/Info.plist;
				LD_RUNPATH_SEARCH_PATHS = "$(inherited) @executable_path/Frameworks @loader_path/Frameworks";
				PRODUCT_BUNDLE_IDENTIFIER = com.xiaoguo.Text.MyApp1Tests;
				PRODUCT_NAME = "$(TARGET_NAME)";
				SWIFT_VERSION = 4.0;
				TARGETED_DEVICE_FAMILY = "1,2";
				TEST_HOST = "$(BUILT_PRODUCTS_DIR)/MyApp1.app/MyApp1";
			};
			name = Release;
		};
		2EB8FBDF201B0E200060E04A /* Debug */ = {
			isa = XCBuildConfiguration;
			buildSettings = {
				ALWAYS_EMBED_SWIFT_STANDARD_LIBRARIES = YES;
				CODE_SIGN_STYLE = Automatic;
				DEVELOPMENT_TEAM = R3HARN7J9X;
				INFOPLIST_FILE = MyApp1UITests/Info.plist;
				LD_RUNPATH_SEARCH_PATHS = "$(inherited) @executable_path/Frameworks @loader_path/Frameworks";
				PRODUCT_BUNDLE_IDENTIFIER = com.xiaoguo.Text.MyApp1UITests;
				PRODUCT_NAME = "$(TARGET_NAME)";
				SWIFT_VERSION = 4.0;
				TARGETED_DEVICE_FAMILY = "1,2";
				TEST_TARGET_NAME = MyApp1;
			};
			name = Debug;
		};
		2EB8FBE0201B0E200060E04A /* Release */ = {
			isa = XCBuildConfiguration;
			buildSettings = {
				ALWAYS_EMBED_SWIFT_STANDARD_LIBRARIES = YES;
				CODE_SIGN_STYLE = Automatic;
				DEVELOPMENT_TEAM = R3HARN7J9X;
				INFOPLIST_FILE = MyApp1UITests/Info.plist;
				LD_RUNPATH_SEARCH_PATHS = "$(inherited) @executable_path/Frameworks @loader_path/Frameworks";
				PRODUCT_BUNDLE_IDENTIFIER = com.xiaoguo.Text.MyApp1UITests;
				PRODUCT_NAME = "$(TARGET_NAME)";
				SWIFT_VERSION = 4.0;
				TARGETED_DEVICE_FAMILY = "1,2";
				TEST_TARGET_NAME = MyApp1;
			};
			name = Release;
		};
/* End XCBuildConfiguration section */

/* Begin XCConfigurationList section */
		2EB8FBAB201B0E200060E04A /* Build configuration list for PBXProject "MyApp1" */ = {
			isa = XCConfigurationList;
			buildConfigurations = (
				2EB8FBD6201B0E200060E04A /* Debug */,
				2EB8FBD7201B0E200060E04A /* Release */,
			);
			defaultConfigurationIsVisible = 0;
			defaultConfigurationName = Release;
		};
		2EB8FBD8201B0E200060E04A /* Build configuration list for PBXNativeTarget "MyApp1" */ = {
			isa = XCConfigurationList;
			buildConfigurations = (
				2EB8FBD9201B0E200060E04A /* Debug */,
				2EB8FBDA201B0E200060E04A /* Release */,
			);
			defaultConfigurationIsVisible = 0;
			defaultConfigurationName = Release;
		};
		2EB8FBDB201B0E200060E04A /* Build configuration list for PBXNativeTarget "MyApp1Tests" */ = {
			isa = XCConfigurationList;
			buildConfigurations = (
				2EB8FBDC201B0E200060E04A /* Debug */,
				2EB8FBDD201B0E200060E04A /* Release */,
			);
			defaultConfigurationIsVisible = 0;
			defaultConfigurationName = Release;
		};
		2EB8FBDE201B0E200060E04A /* Build configuration list for PBXNativeTarget "MyApp1UITests" */ = {
			isa = XCConfigurationList;
			buildConfigurations = (
				2EB8FBDF201B0E200060E04A /* Debug */,
				2EB8FBE0201B0E200060E04A /* Release */,
			);
			defaultConfigurationIsVisible = 0;
			defaultConfigurationName = Release;
		};
/* End XCConfigurationList section */
	};
	rootObject = 2EB8FBA8201B0E200060E04A /* Project object */;
}
